
Microsoft Visual Studio Solution File, Format Version 12.00
# Visual Studio Version 16
VisualStudioVersion = 16.0.29728.190
MinimumVisualStudioVersion = 10.0.40219.1
Project("{9A19103F-16F7-4668-BE54-9A1E7A4F7556}") = "SuppliesPriceLister", "app\SuppliesPriceLister.csproj", "{84332339-0D37-4FA8-AB71-ABD24455B5FF}"
EndProject
Project("{FAE04EC0-301F-11D3-BF4B-00C04F79EFBC}") = "Supplier.Api", "Supplier.Api\Supplier.Api.csproj", "{ACC87F35-0041-41F6-946E-6FFE1911ECFD}"
EndProject
Project("{FAE04EC0-301F-11D3-BF4B-00C04F79EFBC}") = "Supplier.DSL", "..\Supplier.DSL\Supplier.DSL.csproj", "{2F1ECC6E-5A44-4DA3-97B2-4D46EDAC4AE4}"
EndProject
Project("{FAE04EC0-301F-11D3-BF4B-00C04F79EFBC}") = "Supplier.Proxies", "..\Supplier.Proxies\Supplier.Proxies.csproj", "{6B00A502-898B-4868-A345-A3EE1B3155B9}"
EndProject
Project("{FAE04EC0-301F-11D3-BF4B-00C04F79EFBC}") = "Utility.Extension", "..\Utility.Extension\Utility.Extension.csproj", "{7EAAB1E8-9F84-4745-84C0-0ED40DABE3C0}"
EndProject
Global
	GlobalSection(SolutionConfigurationPlatforms) = preSolution
		Debug|Any CPU = Debug|Any CPU
		Release|Any CPU = Release|Any CPU
	EndGlobalSection
	GlobalSection(ProjectConfigurationPlatforms) = postSolution
		{84332339-0D37-4FA8-AB71-ABD24455B5FF}.Debug|Any CPU.ActiveCfg = Debug|Any CPU
		{84332339-0D37-4FA8-AB71-ABD24455B5FF}.Debug|Any CPU.Build.0 = Debug|Any CPU
		{84332339-0D37-4FA8-AB71-ABD24455B5FF}.Release|Any CPU.ActiveCfg = Release|Any CPU
		{84332339-0D37-4FA8-AB71-ABD24455B5FF}.Release|Any CPU.Build.0 = Release|Any CPU
		{ACC87F35-0041-41F6-946E-6FFE1911ECFD}.Debug|Any CPU.ActiveCfg = Debug|Any CPU
		{ACC87F35-0041-41F6-946E-6FFE1911ECFD}.Debug|Any CPU.Build.0 = Debug|Any CPU
		{ACC87F35-0041-41F6-946E-6FFE1911ECFD}.Release|Any CPU.ActiveCfg = Release|Any CPU
		{ACC87F35-0041-41F6-946E-6FFE1911ECFD}.Release|Any CPU.Build.0 = Release|Any CPU
		{2F1ECC6E-5A44-4DA3-97B2-4D46EDAC4AE4}.Debug|Any CPU.ActiveCfg = Debug|Any CPU
		{2F1ECC6E-5A44-4DA3-97B2-4D46EDAC4AE4}.Debug|Any CPU.Build.0 = Debug|Any CPU
		{2F1ECC6E-5A44-4DA3-97B2-4D46EDAC4AE4}.Release|Any CPU.ActiveCfg = Release|Any CPU
		{2F1ECC6E-5A44-4DA3-97B2-4D46EDAC4AE4}.Release|Any CPU.Build.0 = Release|Any CPU
		{6B00A502-898B-4868-A345-A3EE1B3155B9}.Debug|Any CPU.ActiveCfg = Debug|Any CPU
		{6B00A502-898B-4868-A345-A3EE1B3155B9}.Debug|Any CPU.Build.0 = Debug|Any CPU
		{6B00A502-898B-4868-A345-A3EE1B3155B9}.Release|Any CPU.ActiveCfg = Release|Any CPU
		{6B00A502-898B-4868-A345-A3EE1B3155B9}.Release|Any CPU.Build.0 = Release|Any CPU
		{7EAAB1E8-9F84-4745-84C0-0ED40DABE3C0}.Debug|Any CPU.ActiveCfg = Debug|Any CPU
		{7EAAB1E8-9F84-4745-84C0-0ED40DABE3C0}.Debug|Any CPU.Build.0 = Debug|Any CPU
		{7EAAB1E8-9F84-4745-84C0-0ED40DABE3C0}.Release|Any CPU.ActiveCfg = Release|Any CPU
		{7EAAB1E8-9F84-4745-84C0-0ED40DABE3C0}.Release|Any CPU.Build.0 = Release|Any CPU
	EndGlobalSection
	GlobalSection(SolutionProperties) = preSolution
		HideSolutionNode = FALSE
	EndGlobalSection
	GlobalSection(ExtensibilityGlobals) = postSolution
		SolutionGuid = {B67A00FC-539D-42A0-ABBD-AC409A55FA38}
	EndGlobalSection
EndGlobal
