
Microsoft Visual Studio Solution File, Format Version 12.00
# Visual Studio Version 16
VisualStudioVersion = 16.0.29728.190
MinimumVisualStudioVersion = 10.0.40219.1
Project("{9A19103F-16F7-4668-BE54-9A1E7A4F7556}") = "SuppliesPriceLister", "app\SuppliesPriceLister.csproj", "{84332339-0D37-4FA8-AB71-ABD24455B5FF}"
EndProject
Project("{9A19103F-16F7-4668-BE54-9A1E7A4F7556}") = "Supplier.Api", "Supplier.Api\Supplier.Api.csproj", "{ACC87F35-0041-41F6-946E-6FFE1911ECFD}"
EndProject
Project("{9A19103F-16F7-4668-BE54-9A1E7A4F7556}") = "Supplier.DSL", "Supplier.DSL\Supplier.DSL.csproj", "{02343EC1-EE12-473F-AD4F-73BC3F177832}"
EndProject
Project("{9A19103F-16F7-4668-BE54-9A1E7A4F7556}") = "Supplier.Proxies", "Supplier.Proxies\Supplier.Proxies.csproj", "{DEFC1D25-2F83-4CD1-B56D-DC09BE50725D}"
EndProject
Project("{9A19103F-16F7-4668-BE54-9A1E7A4F7556}") = "Utility.Extension", "Utility.Extension\Utility.Extension.csproj", "{7A746481-F375-40E5-81DE-F08A8B7937B8}"
EndProject
Project("{2150E333-8FDC-42A3-9474-1A3956D46DE8}") = "Solution Items", "Solution Items", "{40778339-E8D8-43B9-BA90-49CCC3F9FA28}"
	ProjectSection(SolutionItems) = preProject
		Readme.txt = Readme.txt
	EndProjectSection
EndProject
Global
	GlobalSection(SolutionConfigurationPlatforms) = preSolution
		Debug|Any CPU = Debug|Any CPU
		Release|Any CPU = Release|Any CPU
	EndGlobalSection
	GlobalSection(ProjectConfigurationPlatforms) = postSolution
		{84332339-0D37-4FA8-AB71-ABD24455B5FF}.Debug|Any CPU.ActiveCfg = Debug|Any CPU
		{84332339-0D37-4FA8-AB71-ABD24455B5FF}.Debug|Any CPU.Build.0 = Debug|Any CPU
		{84332339-0D37-4FA8-AB71-ABD24455B5FF}.Release|Any CPU.ActiveCfg = Release|Any CPU
		{84332339-0D37-4FA8-AB71-ABD24455B5FF}.Release|Any CPU.Build.0 = Release|Any CPU
		{ACC87F35-0041-41F6-946E-6FFE1911ECFD}.Debug|Any CPU.ActiveCfg = Debug|Any CPU
		{ACC87F35-0041-41F6-946E-6FFE1911ECFD}.Debug|Any CPU.Build.0 = Debug|Any CPU
		{ACC87F35-0041-41F6-946E-6FFE1911ECFD}.Release|Any CPU.ActiveCfg = Release|Any CPU
		{ACC87F35-0041-41F6-946E-6FFE1911ECFD}.Release|Any CPU.Build.0 = Release|Any CPU
		{02343EC1-EE12-473F-AD4F-73BC3F177832}.Debug|Any CPU.ActiveCfg = Debug|Any CPU
		{02343EC1-EE12-473F-AD4F-73BC3F177832}.Debug|Any CPU.Build.0 = Debug|Any CPU
		{02343EC1-EE12-473F-AD4F-73BC3F177832}.Release|Any CPU.ActiveCfg = Release|Any CPU
		{02343EC1-EE12-473F-AD4F-73BC3F177832}.Release|Any CPU.Build.0 = Release|Any CPU
		{DEFC1D25-2F83-4CD1-B56D-DC09BE50725D}.Debug|Any CPU.ActiveCfg = Debug|Any CPU
		{DEFC1D25-2F83-4CD1-B56D-DC09BE50725D}.Debug|Any CPU.Build.0 = Debug|Any CPU
		{DEFC1D25-2F83-4CD1-B56D-DC09BE50725D}.Release|Any CPU.ActiveCfg = Release|Any CPU
		{DEFC1D25-2F83-4CD1-B56D-DC09BE50725D}.Release|Any CPU.Build.0 = Release|Any CPU
		{7A746481-F375-40E5-81DE-F08A8B7937B8}.Debug|Any CPU.ActiveCfg = Debug|Any CPU
		{7A746481-F375-40E5-81DE-F08A8B7937B8}.Debug|Any CPU.Build.0 = Debug|Any CPU
		{7A746481-F375-40E5-81DE-F08A8B7937B8}.Release|Any CPU.ActiveCfg = Release|Any CPU
		{7A746481-F375-40E5-81DE-F08A8B7937B8}.Release|Any CPU.Build.0 = Release|Any CPU
	EndGlobalSection
	GlobalSection(SolutionProperties) = preSolution
		HideSolutionNode = FALSE
	EndGlobalSection
	GlobalSection(ExtensibilityGlobals) = postSolution
		SolutionGuid = {B67A00FC-539D-42A0-ABBD-AC409A55FA38}
	EndGlobalSection
EndGlobal
